
Microsoft Visual Studio Solution File, Format Version 12.00
# Visual Studio Version 17
VisualStudioVersion = 17.13.35919.96 d17.13
MinimumVisualStudioVersion = 10.0.40219.1
Project("{FAE04EC0-301F-11D3-BF4B-00C04F79EFBC}") = "MouseRangeLimiter", "MouseRangeLimiter\MouseRangeLimiter.csproj", "{4E69D7C3-6F81-48AE-B834-B6F2DB3CCFA9}"
EndProject
Global
	GlobalSection(SolutionConfigurationPlatforms) = preSolution
		Debug|Any CPU = Debug|Any CPU
		Release|Any CPU = Release|Any CPU
	EndGlobalSection
	GlobalSection(ProjectConfigurationPlatforms) = postSolution
		{4E69D7C3-6F81-48AE-B834-B6F2DB3CCFA9}.Debug|Any CPU.ActiveCfg = Debug|Any CPU
		{4E69D7C3-6F81-48AE-B834-B6F2DB3CCFA9}.Debug|Any CPU.Build.0 = Debug|Any CPU
		{4E69D7C3-6F81-48AE-B834-B6F2DB3CCFA9}.Release|Any CPU.ActiveCfg = Release|Any CPU
		{4E69D7C3-6F81-48AE-B834-B6F2DB3CCFA9}.Release|Any CPU.Build.0 = Release|Any CPU
	EndGlobalSection
	GlobalSection(SolutionProperties) = preSolution
		HideSolutionNode = FALSE
	EndGlobalSection
	GlobalSection(ExtensibilityGlobals) = postSolution
		SolutionGuid = {203F9AF0-7E82-48DE-9277-3724BC900DA7}
	EndGlobalSection
EndGlobal
